
Microsoft Visual Studio Solution File, Format Version 12.00
# Visual Studio Version 17
VisualStudioVersion = 17.9.34728.123
MinimumVisualStudioVersion = 10.0.40219.1
Project("{FAE04EC0-301F-11D3-BF4B-00C04F79EFBC}") = "EntradaEjemplo", "EntradaEjemplo.csproj", "{CEF6F7DE-AAB5-45F6-8A0B-F06C2F2F3739}"
EndProject
Global
	GlobalSection(SolutionConfigurationPlatforms) = preSolution
		Debug|Any CPU = Debug|Any CPU
		Release|Any CPU = Release|Any CPU
	EndGlobalSection
	GlobalSection(ProjectConfigurationPlatforms) = postSolution
		{CEF6F7DE-AAB5-45F6-8A0B-F06C2F2F3739}.Debug|Any CPU.ActiveCfg = Debug|Any CPU
		{CEF6F7DE-AAB5-45F6-8A0B-F06C2F2F3739}.Debug|Any CPU.Build.0 = Debug|Any CPU
		{CEF6F7DE-AAB5-45F6-8A0B-F06C2F2F3739}.Release|Any CPU.ActiveCfg = Release|Any CPU
		{CEF6F7DE-AAB5-45F6-8A0B-F06C2F2F3739}.Release|Any CPU.Build.0 = Release|Any CPU
	EndGlobalSection
	GlobalSection(SolutionProperties) = preSolution
		HideSolutionNode = FALSE
	EndGlobalSection
	GlobalSection(ExtensibilityGlobals) = postSolution
		SolutionGuid = {C53E3728-6327-4B3D-8724-0148395F94CC}
	EndGlobalSection
EndGlobal
